{
  "name": "@svrooij/static-blog",
  "version": "1.0.0",
  "lockfileVersion": 1,
  "requires": true,
  "dependencies": {
    "@primer/css": {
      "version": "19.0.0",
      "resolved": "https://registry.npmjs.org/@primer/css/-/css-19.0.0.tgz",
      "integrity": "sha512-w3/DoQlWBjyyo0scneGkcVHyaIBFjODbmWZoJ1qYHe+eLufPOKNc5Tf/OlxqiYQxGCF8vVb3f/i30z4KfzJzzA==",
      "requires": {
        "@primer/primitives": "^7.1.0"
      }
    },
    "@primer/primitives": {
      "version": "7.1.1",
      "resolved": "https://registry.npmjs.org/@primer/primitives/-/primitives-7.1.1.tgz",
      "integrity": "sha512-+Gwo89YK1OFi6oubTlah/zPxxzMNaMLy+inECAYI646KIFdzzhAsKWb3z5tSOu5Ff7no4isRV64rWfMSKLZclw=="
    }
  }
}
