{
  "name": "@svrooij/static-blog",
  "version": "1.0.0",
  "lockfileVersion": 1,
  "requires": true,
  "dependencies": {
    "@primer/css": {
      "version": "17.4.0",
      "resolved": "https://registry.npmjs.org/@primer/css/-/css-17.4.0.tgz",
      "integrity": "sha512-Zqb7z7pi+iySb2+RAmw9b/3HeDtNwqmlW4wJWq61VBqlY+xDdyauf5LVlVtXAXTxRsBarLqTpDcz4DyRJfAIMA==",
      "requires": {
        "@primer/primitives": "^4.3.5"
      }
    },
    "@primer/primitives": {
      "version": "4.5.1",
      "resolved": "https://registry.npmjs.org/@primer/primitives/-/primitives-4.5.1.tgz",
      "integrity": "sha512-dA5EKORl1fqOa5+cDKYXTPLTNK0BuHS6NPHh1b11H4ngSd6cbuXzzVkUCJ1ooTDR6UbOrpeXMdlUbA9EcwwFVA=="
    }
  }
}
